<?xml version="1.0" encoding="utf-8"?>
<Project ToolsVersion="4.0" xmlns="http://schemas.microsoft.com/developer/msbuild/2003">
  <ItemGroup>
    <Filter Include="源文件">
      <UniqueIdentifier>{4FC737F1-C7A5-4376-A066-2A32D752A2FF}</UniqueIdentifier>
      <Extensions>cpp;c;cc;cxx;def;odl;idl;hpj;bat;asm;asmx</Extensions>
    </Filter>
    <Filter Include="头文件">
      <UniqueIdentifier>{93995380-89BD-4b04-88EB-625FBE52EBFB}</UniqueIdentifier>
      <Extensions>h;hh;hpp;hxx;hm;inl;inc;ipp;xsd</Extensions>
    </Filter>
    <Filter Include="资源文件">
      <UniqueIdentifier>{67DA6AB6-F800-4c08-8B7A-83BB121AAD01}</UniqueIdentifier>
      <Extensions>rc;ico;cur;bmp;dlg;rc2;rct;bin;rgs;gif;jpg;jpeg;jpe;resx;tiff;tif;png;wav;mfcribbon-ms</Extensions>
    </Filter>
  </ItemGroup>
  <ItemGroup>
    <None Include="..\readme.md" />
    <None Include="16_最接近的三数之和.cpp">
      <Filter>源文件</Filter>
    </None>
    <None Include="2_两数相加.cpp">
      <Filter>源文件</Filter>
    </None>
    <None Include="15_三数之和.cpp">
      <Filter>源文件</Filter>
    </None>
    <None Include="1_两数之和.cpp">
      <Filter>源文件</Filter>
    </None>
    <None Include="43_字符串相乘.cpp">
      <Filter>源文件</Filter>
    </None>
    <None Include="3_无重复字符的最长子串.cpp">
      <Filter>源文件</Filter>
    </None>
    <None Include="295_数据流的中位数.cpp">
      <Filter>源文件</Filter>
    </None>
    <None Include="4_寻找两个有序数组的中位数.cpp">
      <Filter>源文件</Filter>
    </None>
    <None Include="5_最长回文子串.cpp">
      <Filter>源文件</Filter>
    </None>
    <None Include="1162地图分析.cpp">
      <Filter>源文件</Filter>
    </None>
    <None Include="104_二叉树的最大深度.cpp">
      <Filter>源文件</Filter>
    </None>
    <None Include="98_验证二叉搜索树.cpp">
      <Filter>源文件</Filter>
    </None>
    <None Include="100_相同的树.cpp">
      <Filter>源文件</Filter>
    </None>
    <None Include="8_字符串转换整数 %28atoi%29.cpp">
      <Filter>源文件</Filter>
    </None>
    <None Include="11_盛最多水的容器.cpp">
      <Filter>源文件</Filter>
    </None>
    <None Include="14_最长公共前缀.cpp">
      <Filter>源文件</Filter>
    </None>
    <None Include="26_删除排序数组中的重复项.cpp">
      <Filter>源文件</Filter>
    </None>
    <None Include="20_有效的括号.cpp">
      <Filter>源文件</Filter>
    </None>
    <None Include="23_合并K个排序链表.cpp">
      <Filter>源文件</Filter>
    </None>
    <None Include="33_搜索旋转排序数组.cpp">
      <Filter>源文件</Filter>
    </None>
    <None Include="78_子集.cpp">
      <Filter>源文件</Filter>
    </None>
    <None Include="344_反转字符串.cpp">
      <Filter>源文件</Filter>
    </None>
    <None Include="53_最大子序和.cpp">
      <Filter>源文件</Filter>
    </None>
    <None Include="70_ 爬楼梯.cpp">
      <Filter>源文件</Filter>
    </None>
    <None Include="292_Nim游戏.cpp">
      <Filter>源文件</Filter>
    </None>
    <None Include="217_存在重复元素.cpp">
      <Filter>源文件</Filter>
    </None>
    <None Include="46_全排列.cpp">
      <Filter>源文件</Filter>
    </None>
    <None Include="54_螺旋矩阵.cpp">
      <Filter>源文件</Filter>
    </None>
    <None Include="59_螺旋矩阵II.cpp">
      <Filter>源文件</Filter>
    </None>
    <None Include="61_旋转链表.cpp">
      <Filter>源文件</Filter>
    </None>
    <None Include="206_翻转链表.cpp">
      <Filter>源文件</Filter>
    </None>
    <None Include="237_删除链表中的节点.cpp">
      <Filter>源文件</Filter>
    </None>
    <None Include="62_不同路径.cpp">
      <Filter>源文件</Filter>
    </None>
    <None Include="238_除自身以外数组的乘积.cpp">
      <Filter>源文件</Filter>
    </None>
    <None Include="122_买卖股票的最佳时机II.cpp">
      <Filter>源文件</Filter>
    </None>
    <None Include="121_买卖股票的最佳时机.cpp">
      <Filter>源文件</Filter>
    </None>
  </ItemGroup>
  <ItemGroup>
    <ClCompile Include="557_反转字符串中的单词III.cpp">
      <Filter>源文件</Filter>
    </ClCompile>
  </ItemGroup>
</Project>